
Microsoft Visual Studio Solution File, Format Version 12.00
# Visual Studio Version 16
VisualStudioVersion = 16.0.31702.278
MinimumVisualStudioVersion = 10.0.40219.1
Project("{9A19103F-16F7-4668-BE54-9A1E7A4F7556}") = "BK6RIJ_HFT_2021221.Client", "BK6RIJ_HFT_2021221.Client\BK6RIJ_HFT_2021221.Client.csproj", "{B91C594B-517B-4FE4-80F7-52D239989A80}"
EndProject
Project("{9A19103F-16F7-4668-BE54-9A1E7A4F7556}") = "BK6RIJ_HFT_2021221.Models", "BK6RIJ_HFT_2021221.Models\BK6RIJ_HFT_2021221.Models.csproj", "{56C917E6-A6B6-4762-AE57-4929B9E3AA69}"
EndProject
Project("{9A19103F-16F7-4668-BE54-9A1E7A4F7556}") = "BK6RIJ_HFT_2021221.Data", "BK6RIJ_HFT_2021221.Data\BK6RIJ_HFT_2021221.Data.csproj", "{63B08AAA-02F4-450D-89E9-21965B020DDE}"
EndProject
Project("{9A19103F-16F7-4668-BE54-9A1E7A4F7556}") = "BK6RIJ_HFT_2021221.Logic", "BK6RIJ_HFT_2021221.Logic\BK6RIJ_HFT_2021221.Logic.csproj", "{00A786DA-64E4-49E4-A904-DCB099181414}"
EndProject
Project("{9A19103F-16F7-4668-BE54-9A1E7A4F7556}") = "BK6RIJ_HFT_2021221.Repository", "BK6RIJ_HFT_2021221.Repository\BK6RIJ_HFT_2021221.Repository.csproj", "{FE08D44D-D42F-4F5A-807A-5A525E5FDAF3}"
EndProject
Project("{9A19103F-16F7-4668-BE54-9A1E7A4F7556}") = "BK6RIJ_HFT_2021221.Endpoint", "BK6RIJ_HFT_2021221.Endpoint\BK6RIJ_HFT_2021221.Endpoint.csproj", "{BDFACECB-B3FA-4454-B6C1-C6D7D996B567}"
EndProject
Project("{9A19103F-16F7-4668-BE54-9A1E7A4F7556}") = "BK6RIJ_HFT_2021221.Test", "BK6RIJ_HFT_2021221.Test\BK6RIJ_HFT_2021221.Test.csproj", "{4A23B770-4832-45B2-8F38-BFABCF01155E}"
EndProject
Project("{2150E333-8FDC-42A3-9474-1A3956D46DE8}") = "Backend", "Backend", "{2A0AB03E-AE87-4B42-8DA3-3BBAA3B86A36}"
EndProject
Project("{2150E333-8FDC-42A3-9474-1A3956D46DE8}") = "Frontend", "Frontend", "{2CC62345-DA5C-4A8A-B2BD-C5B93C9F7E2C}"
EndProject
Project("{2150E333-8FDC-42A3-9474-1A3956D46DE8}") = "Shared", "Shared", "{69D4B506-EE06-4888-AD47-3374A00400F6}"
EndProject
Project("{2150E333-8FDC-42A3-9474-1A3956D46DE8}") = "Others", "Others", "{863A4C1A-2469-451C-B8A8-994084AD6AAF}"
	ProjectSection(SolutionItems) = preProject
		.gitignore = .gitignore
	EndProjectSection
EndProject
Project("{9A19103F-16F7-4668-BE54-9A1E7A4F7556}") = "BK6RIJ_HFT_2021221.WPFClient", "BK6RIJ_HFT_2021221.WPFClient\BK6RIJ_HFT_2021221.WPFClient.csproj", "{BA48E4E6-E9C4-472A-9F10-C9DA9AAA5FCC}"
EndProject
Project("{FAE04EC0-301F-11D3-BF4B-00C04F79EFBC}") = "BK6RIJ_HFT_2021221.JSClient", "BK6RIJ_HFT_2021221.JSClient\BK6RIJ_HFT_2021221.JSClient.csproj", "{69C84117-BCA8-40B3-8928-FC6B22DE3581}"
EndProject
Global
	GlobalSection(SolutionConfigurationPlatforms) = preSolution
		Debug|Any CPU = Debug|Any CPU
		Release|Any CPU = Release|Any CPU
	EndGlobalSection
	GlobalSection(ProjectConfigurationPlatforms) = postSolution
		{B91C594B-517B-4FE4-80F7-52D239989A80}.Debug|Any CPU.ActiveCfg = Debug|Any CPU
		{B91C594B-517B-4FE4-80F7-52D239989A80}.Debug|Any CPU.Build.0 = Debug|Any CPU
		{B91C594B-517B-4FE4-80F7-52D239989A80}.Release|Any CPU.ActiveCfg = Release|Any CPU
		{B91C594B-517B-4FE4-80F7-52D239989A80}.Release|Any CPU.Build.0 = Release|Any CPU
		{56C917E6-A6B6-4762-AE57-4929B9E3AA69}.Debug|Any CPU.ActiveCfg = Debug|Any CPU
		{56C917E6-A6B6-4762-AE57-4929B9E3AA69}.Debug|Any CPU.Build.0 = Debug|Any CPU
		{56C917E6-A6B6-4762-AE57-4929B9E3AA69}.Release|Any CPU.ActiveCfg = Release|Any CPU
		{56C917E6-A6B6-4762-AE57-4929B9E3AA69}.Release|Any CPU.Build.0 = Release|Any CPU
		{63B08AAA-02F4-450D-89E9-21965B020DDE}.Debug|Any CPU.ActiveCfg = Debug|Any CPU
		{63B08AAA-02F4-450D-89E9-21965B020DDE}.Debug|Any CPU.Build.0 = Debug|Any CPU
		{63B08AAA-02F4-450D-89E9-21965B020DDE}.Release|Any CPU.ActiveCfg = Release|Any CPU
		{63B08AAA-02F4-450D-89E9-21965B020DDE}.Release|Any CPU.Build.0 = Release|Any CPU
		{00A786DA-64E4-49E4-A904-DCB099181414}.Debug|Any CPU.ActiveCfg = Debug|Any CPU
		{00A786DA-64E4-49E4-A904-DCB099181414}.Debug|Any CPU.Build.0 = Debug|Any CPU
		{00A786DA-64E4-49E4-A904-DCB099181414}.Release|Any CPU.ActiveCfg = Release|Any CPU
		{00A786DA-64E4-49E4-A904-DCB099181414}.Release|Any CPU.Build.0 = Release|Any CPU
		{FE08D44D-D42F-4F5A-807A-5A525E5FDAF3}.Debug|Any CPU.ActiveCfg = Debug|Any CPU
		{FE08D44D-D42F-4F5A-807A-5A525E5FDAF3}.Debug|Any CPU.Build.0 = Debug|Any CPU
		{FE08D44D-D42F-4F5A-807A-5A525E5FDAF3}.Release|Any CPU.ActiveCfg = Release|Any CPU
		{FE08D44D-D42F-4F5A-807A-5A525E5FDAF3}.Release|Any CPU.Build.0 = Release|Any CPU
		{BDFACECB-B3FA-4454-B6C1-C6D7D996B567}.Debug|Any CPU.ActiveCfg = Debug|Any CPU
		{BDFACECB-B3FA-4454-B6C1-C6D7D996B567}.Debug|Any CPU.Build.0 = Debug|Any CPU
		{BDFACECB-B3FA-4454-B6C1-C6D7D996B567}.Release|Any CPU.ActiveCfg = Release|Any CPU
		{BDFACECB-B3FA-4454-B6C1-C6D7D996B567}.Release|Any CPU.Build.0 = Release|Any CPU
		{4A23B770-4832-45B2-8F38-BFABCF01155E}.Debug|Any CPU.ActiveCfg = Debug|Any CPU
		{4A23B770-4832-45B2-8F38-BFABCF01155E}.Debug|Any CPU.Build.0 = Debug|Any CPU
		{4A23B770-4832-45B2-8F38-BFABCF01155E}.Release|Any CPU.ActiveCfg = Release|Any CPU
		{4A23B770-4832-45B2-8F38-BFABCF01155E}.Release|Any CPU.Build.0 = Release|Any CPU
		{BA48E4E6-E9C4-472A-9F10-C9DA9AAA5FCC}.Debug|Any CPU.ActiveCfg = Debug|Any CPU
		{BA48E4E6-E9C4-472A-9F10-C9DA9AAA5FCC}.Debug|Any CPU.Build.0 = Debug|Any CPU
		{BA48E4E6-E9C4-472A-9F10-C9DA9AAA5FCC}.Release|Any CPU.ActiveCfg = Release|Any CPU
		{BA48E4E6-E9C4-472A-9F10-C9DA9AAA5FCC}.Release|Any CPU.Build.0 = Release|Any CPU
		{69C84117-BCA8-40B3-8928-FC6B22DE3581}.Debug|Any CPU.ActiveCfg = Debug|Any CPU
		{69C84117-BCA8-40B3-8928-FC6B22DE3581}.Debug|Any CPU.Build.0 = Debug|Any CPU
		{69C84117-BCA8-40B3-8928-FC6B22DE3581}.Release|Any CPU.ActiveCfg = Release|Any CPU
		{69C84117-BCA8-40B3-8928-FC6B22DE3581}.Release|Any CPU.Build.0 = Release|Any CPU
	EndGlobalSection
	GlobalSection(SolutionProperties) = preSolution
		HideSolutionNode = FALSE
	EndGlobalSection
	GlobalSection(NestedProjects) = preSolution
		{B91C594B-517B-4FE4-80F7-52D239989A80} = {2CC62345-DA5C-4A8A-B2BD-C5B93C9F7E2C}
		{56C917E6-A6B6-4762-AE57-4929B9E3AA69} = {69D4B506-EE06-4888-AD47-3374A00400F6}
		{63B08AAA-02F4-450D-89E9-21965B020DDE} = {2A0AB03E-AE87-4B42-8DA3-3BBAA3B86A36}
		{00A786DA-64E4-49E4-A904-DCB099181414} = {2A0AB03E-AE87-4B42-8DA3-3BBAA3B86A36}
		{FE08D44D-D42F-4F5A-807A-5A525E5FDAF3} = {2A0AB03E-AE87-4B42-8DA3-3BBAA3B86A36}
		{BDFACECB-B3FA-4454-B6C1-C6D7D996B567} = {2A0AB03E-AE87-4B42-8DA3-3BBAA3B86A36}
		{4A23B770-4832-45B2-8F38-BFABCF01155E} = {2A0AB03E-AE87-4B42-8DA3-3BBAA3B86A36}
		{BA48E4E6-E9C4-472A-9F10-C9DA9AAA5FCC} = {2CC62345-DA5C-4A8A-B2BD-C5B93C9F7E2C}
		{69C84117-BCA8-40B3-8928-FC6B22DE3581} = {2CC62345-DA5C-4A8A-B2BD-C5B93C9F7E2C}
	EndGlobalSection
	GlobalSection(ExtensibilityGlobals) = postSolution
		SolutionGuid = {9B636DD6-66C6-4A89-AC81-C1287E79B183}
	EndGlobalSection
EndGlobal
